
Microsoft Visual Studio Solution File, Format Version 12.00
# Visual Studio Version 17
VisualStudioVersion = 17.1.32421.90
MinimumVisualStudioVersion = 10.0.40219.1
Project("{FAE04EC0-301F-11D3-BF4B-00C04F79EFBC}") = "MyDatingExperience", "MyDatingExperience\MyDatingExperience.csproj", "{4306ECA0-1AC6-4C65-8510-E247565B736A}"
EndProject
Project("{FAE04EC0-301F-11D3-BF4B-00C04F79EFBC}") = "MyDatingExperience.Tests", "MyDatingExperience.Tests\MyDatingExperience.Tests.csproj", "{CC086714-1842-42B7-BE8A-699AB554D051}"
EndProject
Global
	GlobalSection(SolutionConfigurationPlatforms) = preSolution
		Debug|Any CPU = Debug|Any CPU
		Release|Any CPU = Release|Any CPU
	EndGlobalSection
	GlobalSection(ProjectConfigurationPlatforms) = postSolution
		{4306ECA0-1AC6-4C65-8510-E247565B736A}.Debug|Any CPU.ActiveCfg = Debug|Any CPU
		{4306ECA0-1AC6-4C65-8510-E247565B736A}.Debug|Any CPU.Build.0 = Debug|Any CPU
		{4306ECA0-1AC6-4C65-8510-E247565B736A}.Release|Any CPU.ActiveCfg = Release|Any CPU
		{4306ECA0-1AC6-4C65-8510-E247565B736A}.Release|Any CPU.Build.0 = Release|Any CPU
		{CC086714-1842-42B7-BE8A-699AB554D051}.Debug|Any CPU.ActiveCfg = Debug|Any CPU
		{CC086714-1842-42B7-BE8A-699AB554D051}.Debug|Any CPU.Build.0 = Debug|Any CPU
		{CC086714-1842-42B7-BE8A-699AB554D051}.Release|Any CPU.ActiveCfg = Release|Any CPU
		{CC086714-1842-42B7-BE8A-699AB554D051}.Release|Any CPU.Build.0 = Release|Any CPU
	EndGlobalSection
	GlobalSection(SolutionProperties) = preSolution
		HideSolutionNode = FALSE
	EndGlobalSection
	GlobalSection(ExtensibilityGlobals) = postSolution
		SolutionGuid = {09A81932-6524-4440-9EDA-8576CB3D1E23}
	EndGlobalSection
EndGlobal
